
Microsoft Visual Studio Solution File, Format Version 12.00
# Visual Studio Version 17
VisualStudioVersion = 17.4.33403.182
MinimumVisualStudioVersion = 10.0.40219.1
Project("{FAE04EC0-301F-11D3-BF4B-00C04F79EFBC}") = "BOOKSYS", "BOOKSYS.csproj", "{BC3879C0-D0C1-43AF-B283-758B2B89E069}"
EndProject
Global
	GlobalSection(SolutionConfigurationPlatforms) = preSolution
		Debug|Any CPU = Debug|Any CPU
		Release|Any CPU = Release|Any CPU
	EndGlobalSection
	GlobalSection(ProjectConfigurationPlatforms) = postSolution
		{BC3879C0-D0C1-43AF-B283-758B2B89E069}.Debug|Any CPU.ActiveCfg = Debug|Any CPU
		{BC3879C0-D0C1-43AF-B283-758B2B89E069}.Debug|Any CPU.Build.0 = Debug|Any CPU
		{BC3879C0-D0C1-43AF-B283-758B2B89E069}.Release|Any CPU.ActiveCfg = Release|Any CPU
		{BC3879C0-D0C1-43AF-B283-758B2B89E069}.Release|Any CPU.Build.0 = Release|Any CPU
	EndGlobalSection
	GlobalSection(SolutionProperties) = preSolution
		HideSolutionNode = FALSE
	EndGlobalSection
	GlobalSection(ExtensibilityGlobals) = postSolution
		SolutionGuid = {A3E9C3D9-2122-4A88-AD70-AEEEAE9364A2}
	EndGlobalSection
EndGlobal
